
Microsoft Visual Studio Solution File, Format Version 12.00
# Visual Studio Version 17
VisualStudioVersion = 17.7.34003.232
MinimumVisualStudioVersion = 10.0.40219.1
Project("{FAE04EC0-301F-11D3-BF4B-00C04F79EFBC}") = "WebScrapping", "WebScrapping\WebScrapping.csproj", "{DB443EFB-8ADE-488B-A6AD-17367FACC0F3}"
EndProject
Project("{FAE04EC0-301F-11D3-BF4B-00C04F79EFBC}") = "Consola", "Consola\Consola.csproj", "{7786DD55-E33E-47A2-95F6-32597C4B7EF4}"
EndProject
Global
	GlobalSection(SolutionConfigurationPlatforms) = preSolution
		Debug|Any CPU = Debug|Any CPU
		Release|Any CPU = Release|Any CPU
	EndGlobalSection
	GlobalSection(ProjectConfigurationPlatforms) = postSolution
		{DB443EFB-8ADE-488B-A6AD-17367FACC0F3}.Debug|Any CPU.ActiveCfg = Debug|Any CPU
		{DB443EFB-8ADE-488B-A6AD-17367FACC0F3}.Debug|Any CPU.Build.0 = Debug|Any CPU
		{DB443EFB-8ADE-488B-A6AD-17367FACC0F3}.Release|Any CPU.ActiveCfg = Release|Any CPU
		{DB443EFB-8ADE-488B-A6AD-17367FACC0F3}.Release|Any CPU.Build.0 = Release|Any CPU
		{7786DD55-E33E-47A2-95F6-32597C4B7EF4}.Debug|Any CPU.ActiveCfg = Debug|Any CPU
		{7786DD55-E33E-47A2-95F6-32597C4B7EF4}.Debug|Any CPU.Build.0 = Debug|Any CPU
		{7786DD55-E33E-47A2-95F6-32597C4B7EF4}.Release|Any CPU.ActiveCfg = Release|Any CPU
		{7786DD55-E33E-47A2-95F6-32597C4B7EF4}.Release|Any CPU.Build.0 = Release|Any CPU
	EndGlobalSection
	GlobalSection(SolutionProperties) = preSolution
		HideSolutionNode = FALSE
	EndGlobalSection
	GlobalSection(ExtensibilityGlobals) = postSolution
		SolutionGuid = {2625C4BC-5AB4-4673-934E-488565647EB4}
	EndGlobalSection
EndGlobal
